
Microsoft Visual Studio Solution File, Format Version 12.00
# Visual Studio Version 16
VisualStudioVersion = 16.0.30001.183
MinimumVisualStudioVersion = 10.0.40219.1
Project("{FAE04EC0-301F-11D3-BF4B-00C04F79EFBC}") = "Psanyi89Bot", "Psanyi89Bot\Psanyi89Bot.csproj", "{A1AA4442-A74E-45BF-B7D1-450A727D77C5}"
EndProject
Global
	GlobalSection(SolutionConfigurationPlatforms) = preSolution
		Debug|Any CPU = Debug|Any CPU
		Release|Any CPU = Release|Any CPU
	EndGlobalSection
	GlobalSection(ProjectConfigurationPlatforms) = postSolution
		{A1AA4442-A74E-45BF-B7D1-450A727D77C5}.Debug|Any CPU.ActiveCfg = Debug|Any CPU
		{A1AA4442-A74E-45BF-B7D1-450A727D77C5}.Debug|Any CPU.Build.0 = Debug|Any CPU
		{A1AA4442-A74E-45BF-B7D1-450A727D77C5}.Release|Any CPU.ActiveCfg = Release|Any CPU
		{A1AA4442-A74E-45BF-B7D1-450A727D77C5}.Release|Any CPU.Build.0 = Release|Any CPU
	EndGlobalSection
	GlobalSection(SolutionProperties) = preSolution
		HideSolutionNode = FALSE
	EndGlobalSection
	GlobalSection(ExtensibilityGlobals) = postSolution
		SolutionGuid = {9577F5C0-EFF3-43F5-AC95-1608389CCDF4}
	EndGlobalSection
EndGlobal
