
Microsoft Visual Studio Solution File, Format Version 12.00
# Visual Studio Version 16
VisualStudioVersion = 16.0.30021.99
MinimumVisualStudioVersion = 10.0.40219.1
Project("{9A19103F-16F7-4668-BE54-9A1E7A4F7556}") = "BlazorChatSample.Client", "BlazorChatSample.Client\BlazorChatSample.Client.csproj", "{C4189486-22AE-4129-BCD8-0F3995A8F627}"
EndProject
Global
	GlobalSection(SolutionConfigurationPlatforms) = preSolution
		Debug|Any CPU = Debug|Any CPU
		Release|Any CPU = Release|Any CPU
	EndGlobalSection
	GlobalSection(ProjectConfigurationPlatforms) = postSolution
		{C4189486-22AE-4129-BCD8-0F3995A8F627}.Debug|Any CPU.ActiveCfg = Debug|Any CPU
		{C4189486-22AE-4129-BCD8-0F3995A8F627}.Debug|Any CPU.Build.0 = Debug|Any CPU
		{C4189486-22AE-4129-BCD8-0F3995A8F627}.Release|Any CPU.ActiveCfg = Release|Any CPU
		{C4189486-22AE-4129-BCD8-0F3995A8F627}.Release|Any CPU.Build.0 = Release|Any CPU
	EndGlobalSection
	GlobalSection(SolutionProperties) = preSolution
		HideSolutionNode = FALSE
	EndGlobalSection
	GlobalSection(ExtensibilityGlobals) = postSolution
		SolutionGuid = {5FB78495-6EF5-4110-90F5-8D8784F3D7FE}
	EndGlobalSection
EndGlobal
