
Microsoft Visual Studio Solution File, Format Version 12.00
# Visual Studio Version 16
VisualStudioVersion = 16.0.30001.183
MinimumVisualStudioVersion = 10.0.40219.1
Project("{9A19103F-16F7-4668-BE54-9A1E7A4F7556}") = "Blazor_RestApi_Dapper.Models", "Blazor_RestApi_Dapper.Models\Blazor_RestApi_Dapper.Models.csproj", "{B5627CC7-CF6B-4E43-92E0-5C9D4CE3B704}"
EndProject
Project("{9A19103F-16F7-4668-BE54-9A1E7A4F7556}") = "Blazor_RestApi_Dapper.Api", "Blazor_RestApi_Dapper.Api\Blazor_RestApi_Dapper.Api.csproj", "{D7BF28AC-42A7-48D4-A34D-0D3E36F3AA52}"
EndProject
Project("{00D1A9C2-B5F0-4AF3-8072-F6C62B433612}") = "Blazor_RestApi_Dapper.Sql", "Blazor_RestApi_Dapper.Sql\Blazor_RestApi_Dapper.Sql.sqlproj", "{956DE45A-3C70-4FD3-A043-0305FD7261B3}"
EndProject
Project("{FAE04EC0-301F-11D3-BF4B-00C04F79EFBC}") = "Blazor_RestApi_Dapper.DataAccess", "Blazor_RestApi_Dapper.DataAccess\Blazor_RestApi_Dapper.DataAccess.csproj", "{034F6644-162D-49DD-A341-A42F157DCBBB}"
EndProject
Global
	GlobalSection(SolutionConfigurationPlatforms) = preSolution
		Debug|Any CPU = Debug|Any CPU
		Release|Any CPU = Release|Any CPU
	EndGlobalSection
	GlobalSection(ProjectConfigurationPlatforms) = postSolution
		{B5627CC7-CF6B-4E43-92E0-5C9D4CE3B704}.Debug|Any CPU.ActiveCfg = Debug|Any CPU
		{B5627CC7-CF6B-4E43-92E0-5C9D4CE3B704}.Debug|Any CPU.Build.0 = Debug|Any CPU
		{B5627CC7-CF6B-4E43-92E0-5C9D4CE3B704}.Release|Any CPU.ActiveCfg = Release|Any CPU
		{B5627CC7-CF6B-4E43-92E0-5C9D4CE3B704}.Release|Any CPU.Build.0 = Release|Any CPU
		{D7BF28AC-42A7-48D4-A34D-0D3E36F3AA52}.Debug|Any CPU.ActiveCfg = Debug|Any CPU
		{D7BF28AC-42A7-48D4-A34D-0D3E36F3AA52}.Debug|Any CPU.Build.0 = Debug|Any CPU
		{D7BF28AC-42A7-48D4-A34D-0D3E36F3AA52}.Release|Any CPU.ActiveCfg = Release|Any CPU
		{D7BF28AC-42A7-48D4-A34D-0D3E36F3AA52}.Release|Any CPU.Build.0 = Release|Any CPU
		{956DE45A-3C70-4FD3-A043-0305FD7261B3}.Debug|Any CPU.ActiveCfg = Debug|Any CPU
		{956DE45A-3C70-4FD3-A043-0305FD7261B3}.Debug|Any CPU.Build.0 = Debug|Any CPU
		{956DE45A-3C70-4FD3-A043-0305FD7261B3}.Debug|Any CPU.Deploy.0 = Debug|Any CPU
		{956DE45A-3C70-4FD3-A043-0305FD7261B3}.Release|Any CPU.ActiveCfg = Release|Any CPU
		{956DE45A-3C70-4FD3-A043-0305FD7261B3}.Release|Any CPU.Build.0 = Release|Any CPU
		{956DE45A-3C70-4FD3-A043-0305FD7261B3}.Release|Any CPU.Deploy.0 = Release|Any CPU
		{034F6644-162D-49DD-A341-A42F157DCBBB}.Debug|Any CPU.ActiveCfg = Debug|Any CPU
		{034F6644-162D-49DD-A341-A42F157DCBBB}.Debug|Any CPU.Build.0 = Debug|Any CPU
		{034F6644-162D-49DD-A341-A42F157DCBBB}.Release|Any CPU.ActiveCfg = Release|Any CPU
		{034F6644-162D-49DD-A341-A42F157DCBBB}.Release|Any CPU.Build.0 = Release|Any CPU
	EndGlobalSection
	GlobalSection(SolutionProperties) = preSolution
		HideSolutionNode = FALSE
	EndGlobalSection
	GlobalSection(ExtensibilityGlobals) = postSolution
		SolutionGuid = {287AA04A-9391-458F-B5D8-847CA80DEE15}
	EndGlobalSection
EndGlobal
